
Microsoft Visual Studio Solution File, Format Version 12.00
# Visual Studio 2012
Project("{FAE04EC0-301F-11D3-BF4B-00C04F79EFBC}") = "SPContactUs", "SPContactUs\SPContactUs.csproj", "{B690EDAB-2BED-444B-979D-1AAFD55B58B1}"
EndProject
Project("{FAE04EC0-301F-11D3-BF4B-00C04F79EFBC}") = "SPContactUsWeb", "SPContactUsWeb\SPContactUsWeb.csproj", "{EA845970-22FD-40A0-8D3C-664A461BBDEA}"
EndProject
Global
	GlobalSection(SolutionConfigurationPlatforms) = preSolution
		Debug|Any CPU = Debug|Any CPU
		Release|Any CPU = Release|Any CPU
	EndGlobalSection
	GlobalSection(ProjectConfigurationPlatforms) = postSolution
		{B690EDAB-2BED-444B-979D-1AAFD55B58B1}.Debug|Any CPU.ActiveCfg = Debug|Any CPU
		{B690EDAB-2BED-444B-979D-1AAFD55B58B1}.Debug|Any CPU.Build.0 = Debug|Any CPU
		{B690EDAB-2BED-444B-979D-1AAFD55B58B1}.Debug|Any CPU.Deploy.0 = Debug|Any CPU
		{B690EDAB-2BED-444B-979D-1AAFD55B58B1}.Release|Any CPU.ActiveCfg = Release|Any CPU
		{B690EDAB-2BED-444B-979D-1AAFD55B58B1}.Release|Any CPU.Build.0 = Release|Any CPU
		{B690EDAB-2BED-444B-979D-1AAFD55B58B1}.Release|Any CPU.Deploy.0 = Release|Any CPU
		{EA845970-22FD-40A0-8D3C-664A461BBDEA}.Debug|Any CPU.ActiveCfg = Debug|Any CPU
		{EA845970-22FD-40A0-8D3C-664A461BBDEA}.Debug|Any CPU.Build.0 = Debug|Any CPU
		{EA845970-22FD-40A0-8D3C-664A461BBDEA}.Release|Any CPU.ActiveCfg = Release|Any CPU
		{EA845970-22FD-40A0-8D3C-664A461BBDEA}.Release|Any CPU.Build.0 = Release|Any CPU
	EndGlobalSection
	GlobalSection(SolutionProperties) = preSolution
		HideSolutionNode = FALSE
	EndGlobalSection
EndGlobal
